
Microsoft Visual Studio Solution File, Format Version 12.00
# Visual Studio Version 16
VisualStudioVersion = 16.0.29020.237
MinimumVisualStudioVersion = 10.0.40219.1
Project("{9A19103F-16F7-4668-BE54-9A1E7A4F7556}") = "ProjectCopyServer.Domain", "src\ProjectCopyServer.Domain\ProjectCopyServer.Domain.csproj", "{554AD327-6DBA-4F8F-96F8-81CE7A0C863F}"
EndProject
Project("{9A19103F-16F7-4668-BE54-9A1E7A4F7556}") = "ProjectCopyServer.Application", "src\ProjectCopyServer.Application\ProjectCopyServer.Application.csproj", "{1A94A50E-06DC-43C1-80B5-B662820EC3EB}"
EndProject
Project("{2150E333-8FDC-42A3-9474-1A3956D46DE8}") = "src", "src", "{CA9AC87F-097E-4F15-8393-4BC07735A5B0}"
EndProject
Project("{2150E333-8FDC-42A3-9474-1A3956D46DE8}") = "test", "test", "{04DBDB01-70F4-4E06-B468-8F87850B22BE}"
EndProject
Project("{9A19103F-16F7-4668-BE54-9A1E7A4F7556}") = "ProjectCopyServer.Application.Tests", "test\ProjectCopyServer.Application.Tests\ProjectCopyServer.Application.Tests.csproj", "{50B2631D-129C-47B3-A587-029CCD6099BC}"
EndProject
Project("{9A19103F-16F7-4668-BE54-9A1E7A4F7556}") = "ProjectCopyServer.MongoDB", "src\ProjectCopyServer.MongoDB\ProjectCopyServer.MongoDB.csproj", "{E3444355-D47E-431E-BDD0-DD3A7113B2AE}"
EndProject
Project("{9A19103F-16F7-4668-BE54-9A1E7A4F7556}") = "ProjectCopyServer.Domain.Shared", "src\ProjectCopyServer.Domain.Shared\ProjectCopyServer.Domain.Shared.csproj", "{42F719ED-8413-4895-B5B4-5AB56079BC66}"
EndProject
Project("{9A19103F-16F7-4668-BE54-9A1E7A4F7556}") = "ProjectCopyServer.Application.Contracts", "src\ProjectCopyServer.Application.Contracts\ProjectCopyServer.Application.Contracts.csproj", "{520659C8-C734-4298-A3DA-B539DB9DFC0B}"
EndProject
Project("{9A19103F-16F7-4668-BE54-9A1E7A4F7556}") = "ProjectCopyServer.HttpApi", "src\ProjectCopyServer.HttpApi\ProjectCopyServer.HttpApi.csproj", "{4164BDF7-F527-4E85-9CE6-E3C2D7426A27}"
EndProject
Project("{9A19103F-16F7-4668-BE54-9A1E7A4F7556}") = "ProjectCopyServer.HttpApi.Client", "src\ProjectCopyServer.HttpApi.Client\ProjectCopyServer.HttpApi.Client.csproj", "{3B5A0094-670D-4BB1-BFDD-61B88A8773DC}"
EndProject
Project("{9A19103F-16F7-4668-BE54-9A1E7A4F7556}") = "ProjectCopyServer.TestBase", "test\ProjectCopyServer.TestBase\ProjectCopyServer.TestBase.csproj", "{91853F21-9CD9-4132-BC29-A7D5D84FFFE7}"
EndProject
Project("{9A19103F-16F7-4668-BE54-9A1E7A4F7556}") = "ProjectCopyServer.Domain.Tests", "test\ProjectCopyServer.Domain.Tests\ProjectCopyServer.Domain.Tests.csproj", "{E512F4D9-9375-480F-A2F6-A46509F9D824}"
EndProject
Project("{9A19103F-16F7-4668-BE54-9A1E7A4F7556}") = "ProjectCopyServer.HttpApi.Client.ConsoleTestApp", "test\ProjectCopyServer.HttpApi.Client.ConsoleTestApp\ProjectCopyServer.HttpApi.Client.ConsoleTestApp.csproj", "{EF480016-9127-4916-8735-D2466BDBC582}"
EndProject
Project("{9A19103F-16F7-4668-BE54-9A1E7A4F7556}") = "ProjectCopyServer.DbMigrator", "src\ProjectCopyServer.DbMigrator\ProjectCopyServer.DbMigrator.csproj", "{AA94D832-1CCC-4715-95A9-A483F23A1A5D}"
EndProject
Project("{FAE04EC0-301F-11D3-BF4B-00C04F79EFBC}") = "ProjectCopyServer.Silo", "src\ProjectCopyServer.Silo\ProjectCopyServer.Silo.csproj", "{E5406230-EF5D-4D19-A12C-73E338E44BCA}"
EndProject
Project("{FAE04EC0-301F-11D3-BF4B-00C04F79EFBC}") = "ProjectCopyServer.Grains", "src\ProjectCopyServer.Grains\ProjectCopyServer.Grains.csproj", "{BDFE7865-DB31-423A-A1B4-AB13D6E93A15}"
EndProject
Project("{FAE04EC0-301F-11D3-BF4B-00C04F79EFBC}") = "ProjectCopyServer.HttpApi.Host", "src\ProjectCopyServer.HttpApi.Host\ProjectCopyServer.HttpApi.Host.csproj", "{10063408-297C-4F8F-ACBF-CEC2B46F3640}"
EndProject
Project("{FAE04EC0-301F-11D3-BF4B-00C04F79EFBC}") = "ProjectCopyServer.Worker", "src\ProjectCopyServer.Worker\ProjectCopyServer.Worker.csproj", "{02EF8545-B178-437D-868D-7D1AE8B9534B}"
EndProject
Project("{FAE04EC0-301F-11D3-BF4B-00C04F79EFBC}") = "ProjectCopyServer.EntityEventHandler", "src\ProjectCopyServer.EntityEventHandler\ProjectCopyServer.EntityEventHandler.csproj", "{87087EC4-5201-4B96-A626-F418A2A02DFE}"
EndProject
Project("{FAE04EC0-301F-11D3-BF4B-00C04F79EFBC}") = "ProjectCopyServer.EntityEventHandler.Core", "src\ProjectCopyServer.EntityEventHandler.Core\ProjectCopyServer.EntityEventHandler.Core.csproj", "{74955BF7-7037-4E9B-A744-321DB9C7283A}"
EndProject
Project("{FAE04EC0-301F-11D3-BF4B-00C04F79EFBC}") = "ProjectCopyServer.ContractEventHandler", "src\ProjectCopyServer.ContractEventHandler\ProjectCopyServer.ContractEventHandler.csproj", "{9722DBED-25E5-478C-9590-F5FF6DA34C7E}"
EndProject
Project("{FAE04EC0-301F-11D3-BF4B-00C04F79EFBC}") = "ProjectCopyServer.ContractEventHandler.Core", "src\ProjectCopyServer.ContractEventHandler.Core\ProjectCopyServer.ContractEventHandler.Core.csproj", "{3388AFB4-A5FE-460C-A833-6C58E0D85112}"
EndProject
Project("{FAE04EC0-301F-11D3-BF4B-00C04F79EFBC}") = "AElf.Boilerplate.ContractPatcher", "test\AElf.Boilerplate.ContractPatcher\AElf.Boilerplate.ContractPatcher.csproj", "{ED31EC21-6C92-47FD-B4D5-B0B34C2E2ACE}"
EndProject
Global
	GlobalSection(SolutionConfigurationPlatforms) = preSolution
		Debug|Any CPU = Debug|Any CPU
		Release|Any CPU = Release|Any CPU
	EndGlobalSection
	GlobalSection(ProjectConfigurationPlatforms) = postSolution
		{554AD327-6DBA-4F8F-96F8-81CE7A0C863F}.Debug|Any CPU.ActiveCfg = Debug|Any CPU
		{554AD327-6DBA-4F8F-96F8-81CE7A0C863F}.Debug|Any CPU.Build.0 = Debug|Any CPU
		{554AD327-6DBA-4F8F-96F8-81CE7A0C863F}.Release|Any CPU.ActiveCfg = Release|Any CPU
		{554AD327-6DBA-4F8F-96F8-81CE7A0C863F}.Release|Any CPU.Build.0 = Release|Any CPU
		{1A94A50E-06DC-43C1-80B5-B662820EC3EB}.Debug|Any CPU.ActiveCfg = Debug|Any CPU
		{1A94A50E-06DC-43C1-80B5-B662820EC3EB}.Debug|Any CPU.Build.0 = Debug|Any CPU
		{1A94A50E-06DC-43C1-80B5-B662820EC3EB}.Release|Any CPU.ActiveCfg = Release|Any CPU
		{1A94A50E-06DC-43C1-80B5-B662820EC3EB}.Release|Any CPU.Build.0 = Release|Any CPU
		{50B2631D-129C-47B3-A587-029CCD6099BC}.Debug|Any CPU.ActiveCfg = Debug|Any CPU
		{50B2631D-129C-47B3-A587-029CCD6099BC}.Debug|Any CPU.Build.0 = Debug|Any CPU
		{50B2631D-129C-47B3-A587-029CCD6099BC}.Release|Any CPU.ActiveCfg = Release|Any CPU
		{50B2631D-129C-47B3-A587-029CCD6099BC}.Release|Any CPU.Build.0 = Release|Any CPU
		{E3444355-D47E-431E-BDD0-DD3A7113B2AE}.Debug|Any CPU.ActiveCfg = Debug|Any CPU
		{E3444355-D47E-431E-BDD0-DD3A7113B2AE}.Debug|Any CPU.Build.0 = Debug|Any CPU
		{E3444355-D47E-431E-BDD0-DD3A7113B2AE}.Release|Any CPU.ActiveCfg = Release|Any CPU
		{E3444355-D47E-431E-BDD0-DD3A7113B2AE}.Release|Any CPU.Build.0 = Release|Any CPU
		{42F719ED-8413-4895-B5B4-5AB56079BC66}.Debug|Any CPU.ActiveCfg = Debug|Any CPU
		{42F719ED-8413-4895-B5B4-5AB56079BC66}.Debug|Any CPU.Build.0 = Debug|Any CPU
		{42F719ED-8413-4895-B5B4-5AB56079BC66}.Release|Any CPU.ActiveCfg = Release|Any CPU
		{42F719ED-8413-4895-B5B4-5AB56079BC66}.Release|Any CPU.Build.0 = Release|Any CPU
		{520659C8-C734-4298-A3DA-B539DB9DFC0B}.Debug|Any CPU.ActiveCfg = Debug|Any CPU
		{520659C8-C734-4298-A3DA-B539DB9DFC0B}.Debug|Any CPU.Build.0 = Debug|Any CPU
		{520659C8-C734-4298-A3DA-B539DB9DFC0B}.Release|Any CPU.ActiveCfg = Release|Any CPU
		{520659C8-C734-4298-A3DA-B539DB9DFC0B}.Release|Any CPU.Build.0 = Release|Any CPU
		{4164BDF7-F527-4E85-9CE6-E3C2D7426A27}.Debug|Any CPU.ActiveCfg = Debug|Any CPU
		{4164BDF7-F527-4E85-9CE6-E3C2D7426A27}.Debug|Any CPU.Build.0 = Debug|Any CPU
		{4164BDF7-F527-4E85-9CE6-E3C2D7426A27}.Release|Any CPU.ActiveCfg = Release|Any CPU
		{4164BDF7-F527-4E85-9CE6-E3C2D7426A27}.Release|Any CPU.Build.0 = Release|Any CPU
		{3B5A0094-670D-4BB1-BFDD-61B88A8773DC}.Debug|Any CPU.ActiveCfg = Debug|Any CPU
		{3B5A0094-670D-4BB1-BFDD-61B88A8773DC}.Debug|Any CPU.Build.0 = Debug|Any CPU
		{3B5A0094-670D-4BB1-BFDD-61B88A8773DC}.Release|Any CPU.ActiveCfg = Release|Any CPU
		{3B5A0094-670D-4BB1-BFDD-61B88A8773DC}.Release|Any CPU.Build.0 = Release|Any CPU
		{91853F21-9CD9-4132-BC29-A7D5D84FFFE7}.Debug|Any CPU.ActiveCfg = Debug|Any CPU
		{91853F21-9CD9-4132-BC29-A7D5D84FFFE7}.Debug|Any CPU.Build.0 = Debug|Any CPU
		{91853F21-9CD9-4132-BC29-A7D5D84FFFE7}.Release|Any CPU.ActiveCfg = Release|Any CPU
		{91853F21-9CD9-4132-BC29-A7D5D84FFFE7}.Release|Any CPU.Build.0 = Release|Any CPU
		{E512F4D9-9375-480F-A2F6-A46509F9D824}.Debug|Any CPU.ActiveCfg = Debug|Any CPU
		{E512F4D9-9375-480F-A2F6-A46509F9D824}.Debug|Any CPU.Build.0 = Debug|Any CPU
		{E512F4D9-9375-480F-A2F6-A46509F9D824}.Release|Any CPU.ActiveCfg = Release|Any CPU
		{E512F4D9-9375-480F-A2F6-A46509F9D824}.Release|Any CPU.Build.0 = Release|Any CPU
		{EF480016-9127-4916-8735-D2466BDBC582}.Debug|Any CPU.ActiveCfg = Debug|Any CPU
		{EF480016-9127-4916-8735-D2466BDBC582}.Debug|Any CPU.Build.0 = Debug|Any CPU
		{EF480016-9127-4916-8735-D2466BDBC582}.Release|Any CPU.ActiveCfg = Release|Any CPU
		{EF480016-9127-4916-8735-D2466BDBC582}.Release|Any CPU.Build.0 = Release|Any CPU
		{AA94D832-1CCC-4715-95A9-A483F23A1A5D}.Debug|Any CPU.ActiveCfg = Debug|Any CPU
		{AA94D832-1CCC-4715-95A9-A483F23A1A5D}.Debug|Any CPU.Build.0 = Debug|Any CPU
		{AA94D832-1CCC-4715-95A9-A483F23A1A5D}.Release|Any CPU.ActiveCfg = Release|Any CPU
		{AA94D832-1CCC-4715-95A9-A483F23A1A5D}.Release|Any CPU.Build.0 = Release|Any CPU
		{E5406230-EF5D-4D19-A12C-73E338E44BCA}.Debug|Any CPU.ActiveCfg = Debug|Any CPU
		{E5406230-EF5D-4D19-A12C-73E338E44BCA}.Debug|Any CPU.Build.0 = Debug|Any CPU
		{E5406230-EF5D-4D19-A12C-73E338E44BCA}.Release|Any CPU.ActiveCfg = Release|Any CPU
		{E5406230-EF5D-4D19-A12C-73E338E44BCA}.Release|Any CPU.Build.0 = Release|Any CPU
		{BDFE7865-DB31-423A-A1B4-AB13D6E93A15}.Debug|Any CPU.ActiveCfg = Debug|Any CPU
		{BDFE7865-DB31-423A-A1B4-AB13D6E93A15}.Debug|Any CPU.Build.0 = Debug|Any CPU
		{BDFE7865-DB31-423A-A1B4-AB13D6E93A15}.Release|Any CPU.ActiveCfg = Release|Any CPU
		{BDFE7865-DB31-423A-A1B4-AB13D6E93A15}.Release|Any CPU.Build.0 = Release|Any CPU
		{10063408-297C-4F8F-ACBF-CEC2B46F3640}.Debug|Any CPU.ActiveCfg = Debug|Any CPU
		{10063408-297C-4F8F-ACBF-CEC2B46F3640}.Debug|Any CPU.Build.0 = Debug|Any CPU
		{10063408-297C-4F8F-ACBF-CEC2B46F3640}.Release|Any CPU.ActiveCfg = Release|Any CPU
		{10063408-297C-4F8F-ACBF-CEC2B46F3640}.Release|Any CPU.Build.0 = Release|Any CPU
		{02EF8545-B178-437D-868D-7D1AE8B9534B}.Debug|Any CPU.ActiveCfg = Debug|Any CPU
		{02EF8545-B178-437D-868D-7D1AE8B9534B}.Debug|Any CPU.Build.0 = Debug|Any CPU
		{02EF8545-B178-437D-868D-7D1AE8B9534B}.Release|Any CPU.ActiveCfg = Release|Any CPU
		{02EF8545-B178-437D-868D-7D1AE8B9534B}.Release|Any CPU.Build.0 = Release|Any CPU
		{87087EC4-5201-4B96-A626-F418A2A02DFE}.Debug|Any CPU.ActiveCfg = Debug|Any CPU
		{87087EC4-5201-4B96-A626-F418A2A02DFE}.Debug|Any CPU.Build.0 = Debug|Any CPU
		{87087EC4-5201-4B96-A626-F418A2A02DFE}.Release|Any CPU.ActiveCfg = Release|Any CPU
		{87087EC4-5201-4B96-A626-F418A2A02DFE}.Release|Any CPU.Build.0 = Release|Any CPU
		{74955BF7-7037-4E9B-A744-321DB9C7283A}.Debug|Any CPU.ActiveCfg = Debug|Any CPU
		{74955BF7-7037-4E9B-A744-321DB9C7283A}.Debug|Any CPU.Build.0 = Debug|Any CPU
		{74955BF7-7037-4E9B-A744-321DB9C7283A}.Release|Any CPU.ActiveCfg = Release|Any CPU
		{74955BF7-7037-4E9B-A744-321DB9C7283A}.Release|Any CPU.Build.0 = Release|Any CPU
		{9722DBED-25E5-478C-9590-F5FF6DA34C7E}.Debug|Any CPU.ActiveCfg = Debug|Any CPU
		{9722DBED-25E5-478C-9590-F5FF6DA34C7E}.Debug|Any CPU.Build.0 = Debug|Any CPU
		{9722DBED-25E5-478C-9590-F5FF6DA34C7E}.Release|Any CPU.ActiveCfg = Release|Any CPU
		{9722DBED-25E5-478C-9590-F5FF6DA34C7E}.Release|Any CPU.Build.0 = Release|Any CPU
		{3388AFB4-A5FE-460C-A833-6C58E0D85112}.Debug|Any CPU.ActiveCfg = Debug|Any CPU
		{3388AFB4-A5FE-460C-A833-6C58E0D85112}.Debug|Any CPU.Build.0 = Debug|Any CPU
		{3388AFB4-A5FE-460C-A833-6C58E0D85112}.Release|Any CPU.ActiveCfg = Release|Any CPU
		{3388AFB4-A5FE-460C-A833-6C58E0D85112}.Release|Any CPU.Build.0 = Release|Any CPU
		{ED31EC21-6C92-47FD-B4D5-B0B34C2E2ACE}.Debug|Any CPU.ActiveCfg = Debug|Any CPU
		{ED31EC21-6C92-47FD-B4D5-B0B34C2E2ACE}.Debug|Any CPU.Build.0 = Debug|Any CPU
		{ED31EC21-6C92-47FD-B4D5-B0B34C2E2ACE}.Release|Any CPU.ActiveCfg = Release|Any CPU
		{ED31EC21-6C92-47FD-B4D5-B0B34C2E2ACE}.Release|Any CPU.Build.0 = Release|Any CPU
	EndGlobalSection
	GlobalSection(SolutionProperties) = preSolution
		HideSolutionNode = FALSE
	EndGlobalSection
	GlobalSection(NestedProjects) = preSolution
		{554AD327-6DBA-4F8F-96F8-81CE7A0C863F} = {CA9AC87F-097E-4F15-8393-4BC07735A5B0}
		{1A94A50E-06DC-43C1-80B5-B662820EC3EB} = {CA9AC87F-097E-4F15-8393-4BC07735A5B0}
		{50B2631D-129C-47B3-A587-029CCD6099BC} = {04DBDB01-70F4-4E06-B468-8F87850B22BE}
		{E3444355-D47E-431E-BDD0-DD3A7113B2AE} = {CA9AC87F-097E-4F15-8393-4BC07735A5B0}
		{42F719ED-8413-4895-B5B4-5AB56079BC66} = {CA9AC87F-097E-4F15-8393-4BC07735A5B0}
		{520659C8-C734-4298-A3DA-B539DB9DFC0B} = {CA9AC87F-097E-4F15-8393-4BC07735A5B0}
		{4164BDF7-F527-4E85-9CE6-E3C2D7426A27} = {CA9AC87F-097E-4F15-8393-4BC07735A5B0}
		{3B5A0094-670D-4BB1-BFDD-61B88A8773DC} = {CA9AC87F-097E-4F15-8393-4BC07735A5B0}
		{91853F21-9CD9-4132-BC29-A7D5D84FFFE7} = {04DBDB01-70F4-4E06-B468-8F87850B22BE}
		{E512F4D9-9375-480F-A2F6-A46509F9D824} = {04DBDB01-70F4-4E06-B468-8F87850B22BE}
		{EF480016-9127-4916-8735-D2466BDBC582} = {04DBDB01-70F4-4E06-B468-8F87850B22BE}
		{AA94D832-1CCC-4715-95A9-A483F23A1A5D} = {CA9AC87F-097E-4F15-8393-4BC07735A5B0}
		{E5406230-EF5D-4D19-A12C-73E338E44BCA} = {CA9AC87F-097E-4F15-8393-4BC07735A5B0}
		{BDFE7865-DB31-423A-A1B4-AB13D6E93A15} = {CA9AC87F-097E-4F15-8393-4BC07735A5B0}
		{10063408-297C-4F8F-ACBF-CEC2B46F3640} = {CA9AC87F-097E-4F15-8393-4BC07735A5B0}
		{02EF8545-B178-437D-868D-7D1AE8B9534B} = {CA9AC87F-097E-4F15-8393-4BC07735A5B0}
		{87087EC4-5201-4B96-A626-F418A2A02DFE} = {CA9AC87F-097E-4F15-8393-4BC07735A5B0}
		{74955BF7-7037-4E9B-A744-321DB9C7283A} = {CA9AC87F-097E-4F15-8393-4BC07735A5B0}
		{9722DBED-25E5-478C-9590-F5FF6DA34C7E} = {CA9AC87F-097E-4F15-8393-4BC07735A5B0}
		{3388AFB4-A5FE-460C-A833-6C58E0D85112} = {CA9AC87F-097E-4F15-8393-4BC07735A5B0}
	EndGlobalSection
	GlobalSection(ExtensibilityGlobals) = postSolution
		SolutionGuid = {28315BFD-90E7-4E14-A2EA-F3D23AF4126F}
	EndGlobalSection
EndGlobal
